// !$*UTF8*$!
{
	archiveVersion = 1;
	classes = {
	};
	objectVersion = 55;
	objects = {

/* Begin PBXBuildFile section */
		9E4C5B1C280CF26300815010 /* AppDelegate.swift in Sources */ = {isa = PBXBuildFile; fileRef = 9E4C5B1B280CF26300815010 /* AppDelegate.swift */; };
		9E4C5B20280CF26300815010 /* TodayViewController.swift in Sources */ = {isa = PBXBuildFile; fileRef = 9E4C5B1F280CF26300815010 /* TodayViewController.swift */; };
		9E4C5B25280CF26400815010 /* Assets.xcassets in Resources */ = {isa = PBXBuildFile; fileRef = 9E4C5B24280CF26400815010 /* Assets.xcassets */; };
		9E4C5B28280CF26400815010 /* LaunchScreen.storyboard in Resources */ = {isa = PBXBuildFile; fileRef = 9E4C5B26280CF26400815010 /* LaunchScreen.storyboard */; };
		9ED3B542280D78C200968A4E /* TabBarController.swift in Sources */ = {isa = PBXBuildFile; fileRef = 9ED3B541280D78C200968A4E /* TabBarController.swift */; };
		9ED3B544280D793400968A4E /* CalendarViewController.swift in Sources */ = {isa = PBXBuildFile; fileRef = 9ED3B543280D793400968A4E /* CalendarViewController.swift */; };
		9ED3B546280D794700968A4E /* MedicationsViewController.swift in Sources */ = {isa = PBXBuildFile; fileRef = 9ED3B545280D794700968A4E /* MedicationsViewController.swift */; };
		9ED3B54B280DFE9100968A4E /* ItemToTake.swift in Sources */ = {isa = PBXBuildFile; fileRef = 9ED3B54A280DFE9100968A4E /* ItemToTake.swift */; };
		9ED3B54E280E024700968A4E /* TodayViewHeader.swift in Sources */ = {isa = PBXBuildFile; fileRef = 9ED3B54D280E024700968A4E /* TodayViewHeader.swift */; };
		9ED3B550280E3A0B00968A4E /* NewItemViewController.swift in Sources */ = {isa = PBXBuildFile; fileRef = 9ED3B54F280E3A0B00968A4E /* NewItemViewController.swift */; };
		9ED3B553280F34A500968A4E /* NewItemTableView.swift in Sources */ = {isa = PBXBuildFile; fileRef = 9ED3B552280F34A500968A4E /* NewItemTableView.swift */; };
/* End PBXBuildFile section */

/* Begin PBXFileReference section */
		9E4C5B18280CF26300815010 /* PillReminder.app */ = {isa = PBXFileReference; explicitFileType = wrapper.application; includeInIndex = 0; path = PillReminder.app; sourceTree = BUILT_PRODUCTS_DIR; };
		9E4C5B1B280CF26300815010 /* AppDelegate.swift */ = {isa = PBXFileReference; lastKnownFileType = sourcecode.swift; path = AppDelegate.swift; sourceTree = "<group>"; };
		9E4C5B1F280CF26300815010 /* TodayViewController.swift */ = {isa = PBXFileReference; lastKnownFileType = sourcecode.swift; path = TodayViewController.swift; sourceTree = "<group>"; };
		9E4C5B24280CF26400815010 /* Assets.xcassets */ = {isa = PBXFileReference; lastKnownFileType = folder.assetcatalog; path = Assets.xcassets; sourceTree = "<group>"; };
		9E4C5B27280CF26400815010 /* Base */ = {isa = PBXFileReference; lastKnownFileType = file.storyboard; name = Base; path = Base.lproj/LaunchScreen.storyboard; sourceTree = "<group>"; };
		9E4C5B29280CF26400815010 /* Info.plist */ = {isa = PBXFileReference; lastKnownFileType = text.plist.xml; path = Info.plist; sourceTree = "<group>"; };
		9ED3B541280D78C200968A4E /* TabBarController.swift */ = {isa = PBXFileReference; lastKnownFileType = sourcecode.swift; path = TabBarController.swift; sourceTree = "<group>"; };
		9ED3B543280D793400968A4E /* CalendarViewController.swift */ = {isa = PBXFileReference; lastKnownFileType = sourcecode.swift; path = CalendarViewController.swift; sourceTree = "<group>"; };
		9ED3B545280D794700968A4E /* MedicationsViewController.swift */ = {isa = PBXFileReference; lastKnownFileType = sourcecode.swift; path = MedicationsViewController.swift; sourceTree = "<group>"; };
		9ED3B54A280DFE9100968A4E /* ItemToTake.swift */ = {isa = PBXFileReference; lastKnownFileType = sourcecode.swift; path = ItemToTake.swift; sourceTree = "<group>"; };
		9ED3B54D280E024700968A4E /* TodayViewHeader.swift */ = {isa = PBXFileReference; lastKnownFileType = sourcecode.swift; path = TodayViewHeader.swift; sourceTree = "<group>"; };
		9ED3B54F280E3A0B00968A4E /* NewItemViewController.swift */ = {isa = PBXFileReference; lastKnownFileType = sourcecode.swift; path = NewItemViewController.swift; sourceTree = "<group>"; };
		9ED3B552280F34A500968A4E /* NewItemTableView.swift */ = {isa = PBXFileReference; lastKnownFileType = sourcecode.swift; path = NewItemTableView.swift; sourceTree = "<group>"; };
/* End PBXFileReference section */

/* Begin PBXFrameworksBuildPhase section */
		9E4C5B15280CF26300815010 /* Frameworks */ = {
			isa = PBXFrameworksBuildPhase;
			buildActionMask = 2147483647;
			files = (
			);
			runOnlyForDeploymentPostprocessing = 0;
		};
/* End PBXFrameworksBuildPhase section */

/* Begin PBXGroup section */
		9E4C5B0F280CF26300815010 = {
			isa = PBXGroup;
			children = (
				9E4C5B1A280CF26300815010 /* PillReminder */,
				9E4C5B19280CF26300815010 /* Products */,
			);
			sourceTree = "<group>";
		};
		9E4C5B19280CF26300815010 /* Products */ = {
			isa = PBXGroup;
			children = (
				9E4C5B18280CF26300815010 /* PillReminder.app */,
			);
			name = Products;
			sourceTree = "<group>";
		};
		9E4C5B1A280CF26300815010 /* PillReminder */ = {
			isa = PBXGroup;
			children = (
				9E4C5B1B280CF26300815010 /* AppDelegate.swift */,
				9ED3B547280DE65700968A4E /* Views */,
				9ED3B549280DFE7D00968A4E /* Models */,
				9E4C5B24280CF26400815010 /* Assets.xcassets */,
				9E4C5B26280CF26400815010 /* LaunchScreen.storyboard */,
				9E4C5B29280CF26400815010 /* Info.plist */,
			);
			path = PillReminder;
			sourceTree = "<group>";
		};
		9ED3B547280DE65700968A4E /* Views */ = {
			isa = PBXGroup;
			children = (
				9ED3B551280F349300968A4E /* NewItemView */,
				9ED3B548280DE66500968A4E /* TabViews */,
			);
			path = Views;
			sourceTree = "<group>";
		};
		9ED3B548280DE66500968A4E /* TabViews */ = {
			isa = PBXGroup;
			children = (
				9ED3B541280D78C200968A4E /* TabBarController.swift */,
				9ED3B54C280E023500968A4E /* TodayView */,
				9ED3B543280D793400968A4E /* CalendarViewController.swift */,
				9ED3B545280D794700968A4E /* MedicationsViewController.swift */,
			);
			path = TabViews;
			sourceTree = "<group>";
		};
		9ED3B549280DFE7D00968A4E /* Models */ = {
			isa = PBXGroup;
			children = (
				9ED3B54A280DFE9100968A4E /* ItemToTake.swift */,
			);
			path = Models;
			sourceTree = "<group>";
		};
		9ED3B54C280E023500968A4E /* TodayView */ = {
			isa = PBXGroup;
			children = (
				9E4C5B1F280CF26300815010 /* TodayViewController.swift */,
				9ED3B54D280E024700968A4E /* TodayViewHeader.swift */,
			);
			path = TodayView;
			sourceTree = "<group>";
		};
		9ED3B551280F349300968A4E /* NewItemView */ = {
			isa = PBXGroup;
			children = (
				9ED3B54F280E3A0B00968A4E /* NewItemViewController.swift */,
				9ED3B552280F34A500968A4E /* NewItemTableView.swift */,
			);
			path = NewItemView;
			sourceTree = "<group>";
		};
/* End PBXGroup section */

/* Begin PBXNativeTarget section */
		9E4C5B17280CF26300815010 /* PillReminder */ = {
			isa = PBXNativeTarget;
			buildConfigurationList = 9E4C5B2C280CF26400815010 /* Build configuration list for PBXNativeTarget "PillReminder" */;
			buildPhases = (
				9E4C5B14280CF26300815010 /* Sources */,
				9E4C5B15280CF26300815010 /* Frameworks */,
				9E4C5B16280CF26300815010 /* Resources */,
			);
			buildRules = (
			);
			dependencies = (
			);
			name = PillReminder;
			productName = PillReminder;
			productReference = 9E4C5B18280CF26300815010 /* PillReminder.app */;
			productType = "com.apple.product-type.application";
		};
/* End PBXNativeTarget section */

/* Begin PBXProject section */
		9E4C5B10280CF26300815010 /* Project object */ = {
			isa = PBXProject;
			attributes = {
				BuildIndependentTargetsInParallel = 1;
				LastSwiftUpdateCheck = 1330;
				LastUpgradeCheck = 1330;
				TargetAttributes = {
					9E4C5B17280CF26300815010 = {
						CreatedOnToolsVersion = 13.3.1;
					};
				};
			};
			buildConfigurationList = 9E4C5B13280CF26300815010 /* Build configuration list for PBXProject "PillReminder" */;
			compatibilityVersion = "Xcode 13.0";
			developmentRegion = en;
			hasScannedForEncodings = 0;
			knownRegions = (
				en,
				Base,
			);
			mainGroup = 9E4C5B0F280CF26300815010;
			productRefGroup = 9E4C5B19280CF26300815010 /* Products */;
			projectDirPath = "";
			projectRoot = "";
			targets = (
				9E4C5B17280CF26300815010 /* PillReminder */,
			);
		};
/* End PBXProject section */

/* Begin PBXResourcesBuildPhase section */
		9E4C5B16280CF26300815010 /* Resources */ = {
			isa = PBXResourcesBuildPhase;
			buildActionMask = 2147483647;
			files = (
				9E4C5B28280CF26400815010 /* LaunchScreen.storyboard in Resources */,
				9E4C5B25280CF26400815010 /* Assets.xcassets in Resources */,
			);
			runOnlyForDeploymentPostprocessing = 0;
		};
/* End PBXResourcesBuildPhase section */

/* Begin PBXSourcesBuildPhase section */
		9E4C5B14280CF26300815010 /* Sources */ = {
			isa = PBXSourcesBuildPhase;
			buildActionMask = 2147483647;
			files = (
				9ED3B544280D793400968A4E /* CalendarViewController.swift in Sources */,
				9ED3B54E280E024700968A4E /* TodayViewHeader.swift in Sources */,
				9ED3B542280D78C200968A4E /* TabBarController.swift in Sources */,
				9ED3B54B280DFE9100968A4E /* ItemToTake.swift in Sources */,
				9E4C5B20280CF26300815010 /* TodayViewController.swift in Sources */,
				9ED3B546280D794700968A4E /* MedicationsViewController.swift in Sources */,
				9ED3B553280F34A500968A4E /* NewItemTableView.swift in Sources */,
				9ED3B550280E3A0B00968A4E /* NewItemViewController.swift in Sources */,
				9E4C5B1C280CF26300815010 /* AppDelegate.swift in Sources */,
			);
			runOnlyForDeploymentPostprocessing = 0;
		};
/* End PBXSourcesBuildPhase section */

/* Begin PBXVariantGroup section */
		9E4C5B26280CF26400815010 /* LaunchScreen.storyboard */ = {
			isa = PBXVariantGroup;
			children = (
				9E4C5B27280CF26400815010 /* Base */,
			);
			name = LaunchScreen.storyboard;
			sourceTree = "<group>";
		};
/* End PBXVariantGroup section */

/* Begin XCBuildConfiguration section */
		9E4C5B2A280CF26400815010 /* Debug */ = {
			isa = XCBuildConfiguration;
			buildSettings = {
				ALWAYS_SEARCH_USER_PATHS = NO;
				CLANG_ANALYZER_NONNULL = YES;
				CLANG_ANALYZER_NUMBER_OBJECT_CONVERSION = YES_AGGRESSIVE;
				CLANG_CXX_LANGUAGE_STANDARD = "gnu++17";
				CLANG_ENABLE_MODULES = YES;
				CLANG_ENABLE_OBJC_ARC = YES;
				CLANG_ENABLE_OBJC_WEAK = YES;
				CLANG_WARN_BLOCK_CAPTURE_AUTORELEASING = YES;
				CLANG_WARN_BOOL_CONVERSION = YES;
				CLANG_WARN_COMMA = YES;
				CLANG_WARN_CONSTANT_CONVERSION = YES;
				CLANG_WARN_DEPRECATED_OBJC_IMPLEMENTATIONS = YES;
				CLANG_WARN_DIRECT_OBJC_ISA_USAGE = YES_ERROR;
				CLANG_WARN_DOCUMENTATION_COMMENTS = YES;
				CLANG_WARN_EMPTY_BODY = YES;
				CLANG_WARN_ENUM_CONVERSION = YES;
				CLANG_WARN_INFINITE_RECURSION = YES;
				CLANG_WARN_INT_CONVERSION = YES;
				CLANG_WARN_NON_LITERAL_NULL_CONVERSION = YES;
				CLANG_WARN_OBJC_IMPLICIT_RETAIN_SELF = YES;
				CLANG_WARN_OBJC_LITERAL_CONVERSION = YES;
				CLANG_WARN_OBJC_ROOT_CLASS = YES_ERROR;
				CLANG_WARN_QUOTED_INCLUDE_IN_FRAMEWORK_HEADER = YES;
				CLANG_WARN_RANGE_LOOP_ANALYSIS = YES;
				CLANG_WARN_STRICT_PROTOTYPES = YES;
				CLANG_WARN_SUSPICIOUS_MOVE = YES;
				CLANG_WARN_UNGUARDED_AVAILABILITY = YES_AGGRESSIVE;
				CLANG_WARN_UNREACHABLE_CODE = YES;
				CLANG_WARN__DUPLICATE_METHOD_MATCH = YES;
				COPY_PHASE_STRIP = NO;
				DEBUG_INFORMATION_FORMAT = dwarf;
				ENABLE_STRICT_OBJC_MSGSEND = YES;
				ENABLE_TESTABILITY = YES;
				GCC_C_LANGUAGE_STANDARD = gnu11;
				GCC_DYNAMIC_NO_PIC = NO;
				GCC_NO_COMMON_BLOCKS = YES;
				GCC_OPTIMIZATION_LEVEL = 0;
				GCC_PREPROCESSOR_DEFINITIONS = (
					"DEBUG=1",
					"$(inherited)",
				);
				GCC_WARN_64_TO_32_BIT_CONVERSION = YES;
				GCC_WARN_ABOUT_RETURN_TYPE = YES_ERROR;
				GCC_WARN_UNDECLARED_SELECTOR = YES;
				GCC_WARN_UNINITIALIZED_AUTOS = YES_AGGRESSIVE;
				GCC_WARN_UNUSED_FUNCTION = YES;
				GCC_WARN_UNUSED_VARIABLE = YES;
				IPHONEOS_DEPLOYMENT_TARGET = 15.4;
				MTL_ENABLE_DEBUG_INFO = INCLUDE_SOURCE;
				MTL_FAST_MATH = YES;
				ONLY_ACTIVE_ARCH = YES;
				SDKROOT = iphoneos;
				SWIFT_ACTIVE_COMPILATION_CONDITIONS = DEBUG;
				SWIFT_OPTIMIZATION_LEVEL = "-Onone";
			};
			name = Debug;
		};
		9E4C5B2B280CF26400815010 /* Release */ = {
			isa = XCBuildConfiguration;
			buildSettings = {
				ALWAYS_SEARCH_USER_PATHS = NO;
				CLANG_ANALYZER_NONNULL = YES;
				CLANG_ANALYZER_NUMBER_OBJECT_CONVERSION = YES_AGGRESSIVE;
				CLANG_CXX_LANGUAGE_STANDARD = "gnu++17";
				CLANG_ENABLE_MODULES = YES;
				CLANG_ENABLE_OBJC_ARC = YES;
				CLANG_ENABLE_OBJC_WEAK = YES;
				CLANG_WARN_BLOCK_CAPTURE_AUTORELEASING = YES;
				CLANG_WARN_BOOL_CONVERSION = YES;
				CLANG_WARN_COMMA = YES;
				CLANG_WARN_CONSTANT_CONVERSION = YES;
				CLANG_WARN_DEPRECATED_OBJC_IMPLEMENTATIONS = YES;
				CLANG_WARN_DIRECT_OBJC_ISA_USAGE = YES_ERROR;
				CLANG_WARN_DOCUMENTATION_COMMENTS = YES;
				CLANG_WARN_EMPTY_BODY = YES;
				CLANG_WARN_ENUM_CONVERSION = YES;
				CLANG_WARN_INFINITE_RECURSION = YES;
				CLANG_WARN_INT_CONVERSION = YES;
				CLANG_WARN_NON_LITERAL_NULL_CONVERSION = YES;
				CLANG_WARN_OBJC_IMPLICIT_RETAIN_SELF = YES;
				CLANG_WARN_OBJC_LITERAL_CONVERSION = YES;
				CLANG_WARN_OBJC_ROOT_CLASS = YES_ERROR;
				CLANG_WARN_QUOTED_INCLUDE_IN_FRAMEWORK_HEADER = YES;
				CLANG_WARN_RANGE_LOOP_ANALYSIS = YES;
				CLANG_WARN_STRICT_PROTOTYPES = YES;
				CLANG_WARN_SUSPICIOUS_MOVE = YES;
				CLANG_WARN_UNGUARDED_AVAILABILITY = YES_AGGRESSIVE;
				CLANG_WARN_UNREACHABLE_CODE = YES;
				CLANG_WARN__DUPLICATE_METHOD_MATCH = YES;
				COPY_PHASE_STRIP = NO;
				DEBUG_INFORMATION_FORMAT = "dwarf-with-dsym";
				ENABLE_NS_ASSERTIONS = NO;
				ENABLE_STRICT_OBJC_MSGSEND = YES;
				GCC_C_LANGUAGE_STANDARD = gnu11;
				GCC_NO_COMMON_BLOCKS = YES;
				GCC_WARN_64_TO_32_BIT_CONVERSION = YES;
				GCC_WARN_ABOUT_RETURN_TYPE = YES_ERROR;
				GCC_WARN_UNDECLARED_SELECTOR = YES;
				GCC_WARN_UNINITIALIZED_AUTOS = YES_AGGRESSIVE;
				GCC_WARN_UNUSED_FUNCTION = YES;
				GCC_WARN_UNUSED_VARIABLE = YES;
				IPHONEOS_DEPLOYMENT_TARGET = 15.4;
				MTL_ENABLE_DEBUG_INFO = NO;
				MTL_FAST_MATH = YES;
				SDKROOT = iphoneos;
				SWIFT_COMPILATION_MODE = wholemodule;
				SWIFT_OPTIMIZATION_LEVEL = "-O";
				VALIDATE_PRODUCT = YES;
			};
			name = Release;
		};
		9E4C5B2D280CF26400815010 /* Debug */ = {
			isa = XCBuildConfiguration;
			buildSettings = {
				ASSETCATALOG_COMPILER_APPICON_NAME = AppIcon;
				ASSETCATALOG_COMPILER_GLOBAL_ACCENT_COLOR_NAME = AccentColor;
				CODE_SIGN_STYLE = Automatic;
				CURRENT_PROJECT_VERSION = 1;
				DEVELOPMENT_TEAM = WW6MQ8PF85;
				GENERATE_INFOPLIST_FILE = YES;
				INFOPLIST_FILE = PillReminder/Info.plist;
				INFOPLIST_KEY_UIApplicationSupportsIndirectInputEvents = YES;
				INFOPLIST_KEY_UILaunchStoryboardName = LaunchScreen;
				INFOPLIST_KEY_UISupportedInterfaceOrientations_iPad = "UIInterfaceOrientationPortrait UIInterfaceOrientationPortraitUpsideDown UIInterfaceOrientationLandscapeLeft UIInterfaceOrientationLandscapeRight";
				INFOPLIST_KEY_UISupportedInterfaceOrientations_iPhone = "UIInterfaceOrientationPortrait UIInterfaceOrientationLandscapeLeft UIInterfaceOrientationLandscapeRight";
				LD_RUNPATH_SEARCH_PATHS = (
					"$(inherited)",
					"@executable_path/Frameworks",
				);
				MARKETING_VERSION = 1.0;
				PRODUCT_BUNDLE_IDENTIFIER = com.christopherkoski.PillReminder;
				PRODUCT_NAME = "$(TARGET_NAME)";
				SWIFT_EMIT_LOC_STRINGS = YES;
				SWIFT_VERSION = 5.0;
				TARGETED_DEVICE_FAMILY = "1,2";
			};
			name = Debug;
		};
		9E4C5B2E280CF26400815010 /* Release */ = {
			isa = XCBuildConfiguration;
			buildSettings = {
				ASSETCATALOG_COMPILER_APPICON_NAME = AppIcon;
				ASSETCATALOG_COMPILER_GLOBAL_ACCENT_COLOR_NAME = AccentColor;
				CODE_SIGN_STYLE = Automatic;
				CURRENT_PROJECT_VERSION = 1;
				DEVELOPMENT_TEAM = WW6MQ8PF85;
				GENERATE_INFOPLIST_FILE = YES;
				INFOPLIST_FILE = PillReminder/Info.plist;
				INFOPLIST_KEY_UIApplicationSupportsIndirectInputEvents = YES;
				INFOPLIST_KEY_UILaunchStoryboardName = LaunchScreen;
				INFOPLIST_KEY_UISupportedInterfaceOrientations_iPad = "UIInterfaceOrientationPortrait UIInterfaceOrientationPortraitUpsideDown UIInterfaceOrientationLandscapeLeft UIInterfaceOrientationLandscapeRight";
				INFOPLIST_KEY_UISupportedInterfaceOrientations_iPhone = "UIInterfaceOrientationPortrait UIInterfaceOrientationLandscapeLeft UIInterfaceOrientationLandscapeRight";
				LD_RUNPATH_SEARCH_PATHS = (
					"$(inherited)",
					"@executable_path/Frameworks",
				);
				MARKETING_VERSION = 1.0;
				PRODUCT_BUNDLE_IDENTIFIER = com.christopherkoski.PillReminder;
				PRODUCT_NAME = "$(TARGET_NAME)";
				SWIFT_EMIT_LOC_STRINGS = YES;
				SWIFT_VERSION = 5.0;
				TARGETED_DEVICE_FAMILY = "1,2";
			};
			name = Release;
		};
/* End XCBuildConfiguration section */

/* Begin XCConfigurationList section */
		9E4C5B13280CF26300815010 /* Build configuration list for PBXProject "PillReminder" */ = {
			isa = XCConfigurationList;
			buildConfigurations = (
				9E4C5B2A280CF26400815010 /* Debug */,
				9E4C5B2B280CF26400815010 /* Release */,
			);
			defaultConfigurationIsVisible = 0;
			defaultConfigurationName = Release;
		};
		9E4C5B2C280CF26400815010 /* Build configuration list for PBXNativeTarget "PillReminder" */ = {
			isa = XCConfigurationList;
			buildConfigurations = (
				9E4C5B2D280CF26400815010 /* Debug */,
				9E4C5B2E280CF26400815010 /* Release */,
			);
			defaultConfigurationIsVisible = 0;
			defaultConfigurationName = Release;
		};
/* End XCConfigurationList section */
	};
	rootObject = 9E4C5B10280CF26300815010 /* Project object */;
}
